# Generated by conda-lock.
# platform: win-64
# input_hash: 4b2d5cae4444b16625efdb997b0cac3eaa3e87585ff7512c6aa3212d900f13fb
@EXPLICIT
https://conda.anaconda.org/conda-forge/win-64/_libavif_api-1.3.0-h57928b3_3.conda#77af412511d5b8e7d9ca63d12cf93672
https://conda.anaconda.org/conda-forge/noarch/font-ttf-dejavu-sans-mono-2.37-hab24e00_0.tar.bz2#0c96522c6bdaed4b1566d11387caaf45
https://conda.anaconda.org/conda-forge/noarch/font-ttf-inconsolata-3.000-h77eed37_0.tar.bz2#34893075a5c9e55cdafac56607368fc6
https://conda.anaconda.org/conda-forge/noarch/font-ttf-source-code-pro-2.038-h77eed37_0.tar.bz2#4d59c254e01d9cde7957100457e2d5fb
https://conda.anaconda.org/conda-forge/noarch/font-ttf-ubuntu-0.83-h77eed37_3.conda#49023d73832ef61042f6a237cb2687e7
https://conda.anaconda.org/conda-forge/noarch/python_abi-3.9-8_cp39.conda#c2f0c4bf417925c27b62ab50264baa98
https://conda.anaconda.org/conda-forge/noarch/tzdata-2025c-hc9c84f9_1.conda#ad659d0a2b3e47e38d829aa8cad2d610
https://conda.anaconda.org/conda-forge/win-64/ucrt-10.0.26100.0-h57928b3_0.conda#71b24316859acd00bdb8b38f5e2ce328
https://conda.anaconda.org/conda-forge/noarch/ca-certificates-2026.1.4-h4c7d964_0.conda#84d389c9eee640dda3d26fc5335c67d8
https://conda.anaconda.org/conda-forge/noarch/fonts-conda-forge-1-hc364b38_1.conda#a7970cd949a077b7cb9696379d338681
https://conda.anaconda.org/conda-forge/win-64/libwinpthread-12.0.0.r4.gg4f2fc60ca-h57928b3_10.conda#8a86073cf3b343b87d03f41790d8b4e5
https://conda.anaconda.org/conda-forge/win-64/vcomp14-14.44.35208-h818238b_34.conda#242d9f25d2ae60c76b38a5e42858e51d
https://conda.anaconda.org/conda-forge/noarch/fonts-conda-ecosystem-1-0.tar.bz2#fee5683a3f04bd15cbd8318b096a27ab
https://conda.anaconda.org/conda-forge/win-64/libgomp-15.2.0-h8ee18e1_17.conda#18f0da832fb73029007218f0c56939f8
https://conda.anaconda.org/conda-forge/win-64/vc14_runtime-14.44.35208-h818238b_34.conda#37eb311485d2d8b2c419449582046a42
https://conda.anaconda.org/conda-forge/win-64/_openmp_mutex-4.5-2_gnu.conda#37e16618af5c4851a3f3d66dd0e11141
https://conda.anaconda.org/conda-forge/win-64/vc-14.3-h41ae7f8_34.conda#1e610f2416b6acdd231c5f573d754a0f
https://conda.anaconda.org/conda-forge/win-64/vs2015_runtime-14.44.35208-h38c0c73_34.conda#f276d1de4553e8fca1dfb6988551ebb4
https://conda.anaconda.org/conda-forge/win-64/aom-3.9.1-he0c23c2_0.conda#3d7c14285d3eb3239a76ff79063f27a5
https://conda.anaconda.org/conda-forge/win-64/aws-c-common-0.12.6-hfd05255_0.conda#b1465f33b05b9af02ad0887c01837831
https://conda.anaconda.org/conda-forge/win-64/azure-core-cpp-1.16.2-h49e36cd_0.conda#b625bbba0b9ae28003bd96342043ea0c
https://conda.anaconda.org/conda-forge/win-64/bzip2-1.0.8-h0ad9c76_8.conda#1077e9333c41ff0be8edd1a5ec0ddace
https://conda.anaconda.org/conda-forge/win-64/c-ares-1.34.6-hfd05255_0.conda#7c6da34e5b6e60b414592c74582e28bf
https://conda.anaconda.org/conda-forge/win-64/dav1d-1.2.1-hcfcfb64_0.conda#ed2c27bda330e3f0ab41577cf8b9b585
https://conda.anaconda.org/conda-forge/win-64/double-conversion-3.3.1-he0c23c2_0.conda#e9a1402439c18a4e3c7a52e4246e9e1c
https://conda.anaconda.org/conda-forge/win-64/geos-3.13.1-h9ea8674_0.conda#2ebe8eb886545cdc287324d41186a698
https://conda.anaconda.org/conda-forge/win-64/graphite2-1.3.14-hac47afa_2.conda#b785694dd3ec77a011ccf0c24725382b
https://conda.anaconda.org/conda-forge/win-64/icu-75.1-he0c23c2_0.conda#8579b6bb8d18be7c0b27fb08adeeeb40
https://conda.anaconda.org/conda-forge/win-64/lerc-4.0.0-h6470a55_1.conda#c1b81da6d29a14b542da14a36c9fbf3f
https://conda.anaconda.org/conda-forge/win-64/libabseil-20260107.0-cxx17_h0eb2380_0.conda#203b8cdc9dec296bffc3978dc653987e
https://conda.anaconda.org/conda-forge/win-64/libaec-1.1.5-haf901d7_0.conda#43b6385cfad52a7083f2c41984eb4e91
https://conda.anaconda.org/conda-forge/win-64/libbrotlicommon-1.2.0-hfd05255_1.conda#444b0a45bbd1cb24f82eedb56721b9c4
https://conda.anaconda.org/conda-forge/win-64/libcrc32c-1.1.2-h0e60522_0.tar.bz2#cd4cc2d0c610c8cb5419ccc979f2d6ce
https://conda.anaconda.org/conda-forge/win-64/libde265-1.0.15-h91493d7_0.conda#9dc3c1fbc1c7bc6204e8a603f45e156b
https://conda.anaconda.org/conda-forge/win-64/libdeflate-1.23-h76ddb4d_0.conda#34f03138e46543944d4d7f8538048842
https://conda.anaconda.org/conda-forge/win-64/libexpat-2.7.3-hac47afa_0.conda#8c9e4f1a0e688eef2e95711178061a0f
https://conda.anaconda.org/conda-forge/win-64/libffi-3.4.6-h537db12_1.conda#85d8fa5e55ed8f93f874b3b23ed54ec6
https://conda.anaconda.org/conda-forge/win-64/libgcc-15.2.0-h8ee18e1_17.conda#3b93f0d28aa246cb74ed9b65250cae70
https://conda.anaconda.org/conda-forge/win-64/libiconv-1.18-hc1393d2_2.conda#64571d1dd6cdcfa25d0664a5950fdaa2
https://conda.anaconda.org/conda-forge/win-64/libjpeg-turbo-3.1.2-hfd05255_0.conda#56a686f92ac0273c0f6af58858a3f013
https://conda.anaconda.org/conda-forge/win-64/liblzma-5.8.2-hfd05255_0.conda#ba0bfd4c3cf73f299ffe46ff0eaeb8e3
https://conda.anaconda.org/conda-forge/win-64/libsodium-1.0.20-hc70643c_0.conda#198bb594f202b205c7d18b936fa4524f
https://conda.anaconda.org/conda-forge/win-64/libsqlite-3.51.2-hf5d6505_0.conda#903979414b47d777d548e5f0165e6cd8
https://conda.anaconda.org/conda-forge/win-64/libutf8proc-2.11.3-hb980946_0.conda#5f34fcb6578ea9bdbfd53cc2cfb88200
https://conda.anaconda.org/conda-forge/win-64/libwebp-base-1.6.0-h4d5522a_0.conda#f9bbae5e2537e3b06e0f7310ba76c893
https://conda.anaconda.org/conda-forge/win-64/libzlib-1.3.1-h2466b09_2.conda#41fbfac52c601159df6c01f875de31b9
https://conda.anaconda.org/conda-forge/win-64/llvm-openmp-21.1.8-h4fa8253_0.conda#0d8b425ac862bcf17e4b28802c9351cb
https://conda.anaconda.org/conda-forge/win-64/lz4-c-1.10.0-h2466b09_1.conda#0b69331897a92fac3d8923549d48d092
https://conda.anaconda.org/conda-forge/win-64/lzo-2.10-h6a83c73_1002.conda#c5cb4159f0eea65663b31dd1e49bbb71
https://conda.anaconda.org/conda-forge/win-64/openssl-3.6.1-hf411b9b_1.conda#eb585509b815415bc964b2c7e11c7eb3
https://conda.anaconda.org/conda-forge/win-64/pixman-0.46.4-h5112557_1.conda#08c8fa3b419df480d985e304f7884d35
https://conda.anaconda.org/conda-forge/win-64/qhull-2020.2-hc790b64_5.conda#854fbdff64b572b5c0b470f334d34c11
https://conda.anaconda.org/conda-forge/win-64/rav1e-0.7.1-ha073cba_3.conda#3bd3626822633688691ed41d661c2b2e
https://conda.anaconda.org/conda-forge/win-64/snappy-1.2.2-h7fa0ca8_1.conda#3075846de68f942150069d4289aaad63
https://conda.anaconda.org/conda-forge/win-64/svt-av1-4.0.0-hac47afa_0.conda#b050c2a626cda95910f1660f570a7ba4
https://conda.anaconda.org/conda-forge/win-64/tk-8.6.13-h6ed50ae_3.conda#0481bfd9814bf525bd4b3ee4b51494c4
https://conda.anaconda.org/conda-forge/win-64/uriparser-0.9.8-h5a68840_0.conda#28b4cf9065681f43cc567410edf8243d
https://conda.anaconda.org/conda-forge/win-64/x265-3.5-h2d74725_3.tar.bz2#ca7129a334198f08347fb19ac98a2de9
https://conda.anaconda.org/conda-forge/win-64/xerces-c-3.2.5-he0c23c2_2.conda#82b6eac3c198271e98b48d52d79726d8
https://conda.anaconda.org/conda-forge/win-64/yaml-0.2.5-h6a83c73_3.conda#433699cba6602098ae8957a323da2664
https://conda.anaconda.org/conda-forge/win-64/aws-c-cal-0.9.13-h46f3b43_1.conda#7cc4953d504d4e8f3d6f4facb8549465
https://conda.anaconda.org/conda-forge/win-64/aws-c-compression-0.3.1-hcb3a2da_9.conda#0888dbe9e883582d138ec6221f5482d6
https://conda.anaconda.org/conda-forge/win-64/aws-c-sdkutils-0.2.4-hcb3a2da_4.conda#3c97faee5be6fd0069410cf2bca71c85
https://conda.anaconda.org/conda-forge/win-64/aws-checksums-0.2.7-hcb3a2da_5.conda#38f1501fc55f833a4567c83581a2d2ed
https://conda.anaconda.org/conda-forge/win-64/azure-identity-cpp-1.13.3-h5ffce34_1.conda#998e10f568f0db5615ef880673bc3f35
https://conda.anaconda.org/conda-forge/win-64/azure-storage-common-cpp-12.12.0-h5ffce34_1.conda#716715d06097dfd791b0bab525839910
https://conda.anaconda.org/conda-forge/win-64/hdf4-4.2.15-h5557f11_7.conda#84344a916a73727c1326841007b52ca8
https://conda.anaconda.org/conda-forge/win-64/krb5-1.21.3-hdf4eb48_0.conda#31aec030344e962fbd7dbbbbd68e60a9
https://conda.anaconda.org/conda-forge/win-64/libavif16-1.3.0-ha08a409_3.conda#b1c835a63bee00ff1aaf94468fa18140
https://conda.anaconda.org/conda-forge/win-64/libbrotlidec-1.2.0-hfd05255_1.conda#450e3ae947fc46b60f1d8f8f318b40d4
https://conda.anaconda.org/conda-forge/win-64/libbrotlienc-1.2.0-hfd05255_1.conda#ccd93cfa8e54fd9df4e83dbe55ff6e8c
https://conda.anaconda.org/conda-forge/win-64/libevent-2.1.12-h3671451_1.conda#25efbd786caceef438be46da78a7b5ef
https://conda.anaconda.org/conda-forge/win-64/libintl-0.22.5-h5728263_3.conda#2cf0cf76cc15d360dfa2f17fd6cf9772
https://conda.anaconda.org/conda-forge/win-64/libkml-1.3.0-h68a222c_1022.conda#6800434a33b644e46c28ffa3ec18afb1
https://conda.anaconda.org/conda-forge/win-64/libpng-1.6.55-h7351971_0.conda#43f47a9151b9b8fc100aeefcf350d1a0
https://conda.anaconda.org/conda-forge/win-64/libprotobuf-6.33.5-h61fc761_0.conda#69e5855826e56ea4b67fb888ef879afd
https://conda.anaconda.org/conda-forge/win-64/libre2-11-2025.11.05-h04e5de1_1.conda#3d863f1a19f579ca511f6ac02038ab5a
https://conda.anaconda.org/conda-forge/win-64/librttopo-1.1.0-hbfc9ebc_18.conda#42a234d3a722c3fb3a332a3f67d6916b
https://conda.anaconda.org/conda-forge/win-64/libssh2-1.11.1-h9aa295b_0.conda#9dce2f112bfd3400f4f432b3d0ac07b2
https://conda.anaconda.org/conda-forge/win-64/libxml2-2.13.9-h741aa76_0.conda#333d21ab129d5fa5742225bf1d7557a5
https://conda.anaconda.org/conda-forge/win-64/libzip-1.11.2-h3135430_0.conda#09066edc7810e4bd1b41ad01a6cc4706
https://conda.anaconda.org/conda-forge/win-64/pcre2-10.44-h99c9b8b_2.conda#a912b2c4ff0f03101c751aa79a331831
https://conda.anaconda.org/conda-forge/win-64/pthread-stubs-0.4-h0e40799_1002.conda#3c8f2573569bb816483e5cf57efbbe29
https://conda.anaconda.org/conda-forge/win-64/python-3.9.23-h8c5b53a_0_cpython.conda#2fd01874016cd5e3b9edccf52755082b
https://conda.anaconda.org/conda-forge/win-64/sqlite-3.51.2-hdb435a2_0.conda#bc9265bd9f30f9ded263cb762a4fc847
https://conda.anaconda.org/conda-forge/win-64/xorg-libxau-1.0.12-hba3369d_1.conda#8436cab9a76015dfe7208d3c9f97c156
https://conda.anaconda.org/conda-forge/win-64/xorg-libxdmcp-1.1.5-hba3369d_1.conda#a7c03e38aa9c0e84d41881b9236eacfb
https://conda.anaconda.org/conda-forge/win-64/zlib-1.3.1-h2466b09_2.conda#be60c4e8efa55fddc17b4131aa47acbd
https://conda.anaconda.org/conda-forge/win-64/zstd-1.5.7-h534d264_6.conda#053b84beec00b71ea8ff7a4f84b55207
https://conda.anaconda.org/conda-forge/noarch/affine-2.4.0-pyhd8ed1ab_1.conda#8c4061f499edec6b8ac7000f6d586829
https://conda.anaconda.org/conda-forge/noarch/aiohappyeyeballs-2.6.1-pyhd8ed1ab_0.conda#18fd895e0e775622906cdabfc3cf0fb4
https://conda.anaconda.org/conda-forge/noarch/asciitree-0.3.3-py_2.tar.bz2#c0481c9de49f040272556e2cedf42816
https://conda.anaconda.org/conda-forge/noarch/asttokens-3.0.0-pyhd8ed1ab_1.conda#8f587de4bcf981e26228f268df374a9b
https://conda.anaconda.org/conda-forge/noarch/async-timeout-5.0.1-pyhd8ed1ab_1.conda#5d842988b11a8c3ab57fb70840c83d24
https://conda.anaconda.org/conda-forge/noarch/attrs-25.3.0-pyh71513ae_0.conda#a10d11958cadc13fdb43df75f8b1903f
https://conda.anaconda.org/conda-forge/win-64/aws-c-io-0.23.3-h0d5b9f9_5.conda#400792109e426730ac9047fd6c9537ef
https://conda.anaconda.org/conda-forge/win-64/azure-storage-blobs-cpp-12.16.0-hcd625b1_1.conda#bc419192d40ca1b4928f70519d54b96c
https://conda.anaconda.org/conda-forge/noarch/blinker-1.9.0-pyhff2d567_0.conda#42834439227a4551b939beeeb8a4b085
https://conda.anaconda.org/conda-forge/win-64/blosc-1.21.6-hfd34d9b_1.conda#357d7be4146d5fec543bfaa96a8a40de
https://conda.anaconda.org/conda-forge/win-64/brotli-bin-1.2.0-hfd05255_1.conda#6abd7089eb3f0c790235fe469558d190
https://conda.anaconda.org/conda-forge/win-64/brotli-python-1.0.9-py39h99910a6_8.tar.bz2#dbf8ae0a9b59722ebaee4d32e3340238
https://conda.anaconda.org/conda-forge/noarch/cached_property-1.5.2-pyha770c72_1.tar.bz2#576d629e47797577ab0f1b351297ef4a
https://conda.anaconda.org/conda-forge/noarch/cachelib-0.13.0-pyhd8ed1ab_1.conda#aa353e8215130ccadcc81cf5a45f9579
https://conda.anaconda.org/conda-forge/noarch/cachetools-6.1.0-pyhd8ed1ab_0.conda#f84eb05fa7f862602bfaf4dd844bd61b
https://conda.anaconda.org/conda-forge/noarch/certifi-2025.8.3-pyhd8ed1ab_0.conda#11f59985f49df4620890f3e746ed7102
https://conda.anaconda.org/conda-forge/noarch/charset-normalizer-3.4.3-pyhd8ed1ab_0.conda#7e7d5ef1b9ed630e4a1c358d6bc62284
https://conda.anaconda.org/conda-forge/noarch/colorama-0.4.6-pyhd8ed1ab_1.conda#962b9857ee8e7018c22f2776ffa0b2d7
https://conda.anaconda.org/conda-forge/noarch/comm-0.2.3-pyhe01879c_0.conda#2da13f2b299d8e1995bafbbe9689a2f7
https://conda.anaconda.org/conda-forge/noarch/cpython-3.9.23-py39hd8ed1ab_0.conda#59965790c6aef69b417ccb9938512ec9
https://conda.anaconda.org/conda-forge/noarch/cycler-0.12.1-pyhd8ed1ab_1.conda#44600c4667a319d67dbe0681fc0bc833
https://conda.anaconda.org/conda-forge/win-64/debugpy-1.8.16-py39h1f3cc84_0.conda#b620b0f3c682254f6d340937e4e5dcc4
https://conda.anaconda.org/conda-forge/noarch/decorator-5.2.1-pyhd8ed1ab_0.conda#9ce473d1d1be1cc3810856a48b3fab32
https://conda.anaconda.org/conda-forge/noarch/defusedxml-0.7.1-pyhd8ed1ab_0.tar.bz2#961b3a227b437d82ad7054484cfa71b2
https://conda.anaconda.org/conda-forge/noarch/executing-2.2.0-pyhd8ed1ab_0.conda#81d30c08f9a3e556e8ca9e124b044d14
https://conda.anaconda.org/conda-forge/noarch/fasteners-0.19-pyhd8ed1ab_1.conda#dbe9d42e94b5ff7af7b7893f4ce052e7
https://conda.anaconda.org/conda-forge/noarch/filelock-3.19.1-pyhd8ed1ab_0.conda#9c418d067409452b2e87e0016257da68
https://conda.anaconda.org/conda-forge/win-64/frozenlist-1.7.0-py39h6d15d50_0.conda#07035263d14395205516d4f74153652c
https://conda.anaconda.org/conda-forge/noarch/geojson-3.2.0-pyhd8ed1ab_0.conda#9f9840fb1c2e009fb0009a2f9461e64a
https://conda.anaconda.org/conda-forge/noarch/hpack-4.1.0-pyhd8ed1ab_0.conda#0a802cb9888dd14eeefc611f05c40b6e
https://conda.anaconda.org/conda-forge/noarch/hyperframe-6.1.0-pyhd8ed1ab_0.conda#8e6923fc12f1fe8f8c4e5c9f343256ac
https://conda.anaconda.org/conda-forge/noarch/idna-3.10-pyhd8ed1ab_1.conda#39a4f67be3286c86d696df570b1201b7
https://conda.anaconda.org/conda-forge/noarch/itsdangerous-2.2.0-pyhd8ed1ab_1.conda#7ac5f795c15f288984e32add616cdc59
https://conda.anaconda.org/conda-forge/noarch/json5-0.12.1-pyhd8ed1ab_0.conda#0fc93f473c31a2f85c0bde213e7c63ca
https://conda.anaconda.org/conda-forge/win-64/jsonpointer-3.0.0-py39hcbf5309_1.conda#ac50dca6a8362db17180b8cdbe3dbf37
https://conda.anaconda.org/conda-forge/noarch/jupyter_leaflet-0.20.0-pyhd8ed1ab_0.conda#ddb428366001a2a698f384faf11606ca
https://conda.anaconda.org/conda-forge/noarch/jupyterlab_widgets-3.0.15-pyhd8ed1ab_0.conda#ad100d215fad890ab0ee10418f36876f
https://conda.anaconda.org/conda-forge/win-64/kiwisolver-1.4.7-py39h2b77a98_0.conda#c116c25e2e36f770f065559ad2a1da73
https://conda.anaconda.org/conda-forge/noarch/lark-1.2.2-pyhd8ed1ab_1.conda#3a8063b25e603999188ed4bbf3485404
https://conda.anaconda.org/conda-forge/win-64/libarchive-3.7.7-h5343c79_4.conda#3bb78f661ec0ac3cdbae48c880545f41
https://conda.anaconda.org/conda-forge/win-64/libclang13-21.1.8-default_ha2db4b5_3.conda#06e385238457018ad1071179b67e39d1
https://conda.anaconda.org/conda-forge/win-64/libcurl-8.18.0-h43ecb02_0.conda#2688214a9bee5d5650cd4f5f6af5c8f2
https://conda.anaconda.org/conda-forge/win-64/libfreetype6-2.14.1-hdbac1cb_0.conda#6e7c5c5ab485057b5d07fd8188ba5c28
https://conda.anaconda.org/conda-forge/win-64/libglib-2.84.1-h7025463_0.conda#6cbaea9075a4f007eb7d0a90bb9a2a09
https://conda.anaconda.org/conda-forge/win-64/libheif-1.19.7-gpl_h2684147_100.conda#d7a6c3df36c3281b38164ce518d45528
https://conda.anaconda.org/conda-forge/win-64/libhwloc-2.12.1-default_h88281d1_1000.conda#e6298294e7612eccf57376a0683ddc80
https://conda.anaconda.org/conda-forge/win-64/libthrift-0.22.0-h23985f6_1.conda#556d49ad5c2ad553c2844cc570bb71c7
https://conda.anaconda.org/conda-forge/win-64/libtiff-4.7.0-h797046b_4.conda#7d938ca70c64c5516767b4eae0a56172
https://conda.anaconda.org/conda-forge/win-64/libxcb-1.17.0-h0e4246c_0.conda#a69bbf778a462da324489976c84cfc8c
https://conda.anaconda.org/conda-forge/win-64/libxslt-1.1.43-h25c3957_0.conda#e84f36aa02735c140099d992d491968d
https://conda.anaconda.org/conda-forge/win-64/markupsafe-3.0.2-py39hf73967f_1.conda#e8eb7b3d2495293d1385fb734804e2d1
https://conda.anaconda.org/conda-forge/win-64/minizip-4.0.10-h9fa1bad_0.conda#2ffdc180adc65f509e996d63513c04b7
https://conda.anaconda.org/conda-forge/win-64/msgpack-python-1.1.1-py39h2b77a98_0.conda#a3e8c015993bb15b90386338694b3202
https://conda.anaconda.org/conda-forge/noarch/munkres-1.1.4-pyhd8ed1ab_1.conda#37293a85a0f4f77bbd9cf7aaefc62609
https://conda.anaconda.org/conda-forge/noarch/narwhals-2.1.2-pyhe01879c_0.conda#90d3b6c75c144e8c461b846410d7c0bf
https://conda.anaconda.org/conda-forge/noarch/nest-asyncio-1.6.0-pyhd8ed1ab_1.conda#598fd7d4d0de2455fb74f56063969a97
https://conda.anaconda.org/conda-forge/noarch/networkx-3.2.1-pyhd8ed1ab_0.conda#425fce3b531bed6ec3c74fab3e5f0a1c
https://conda.anaconda.org/conda-forge/win-64/orc-2.2.2-h0a1ad0e_1.conda#aa6701a960f0e94478229af1e061c237
https://conda.anaconda.org/conda-forge/noarch/packaging-26.0-pyhcf101f3_0.conda#b76541e68fea4d511b1ac46a28dcd2c6
https://conda.anaconda.org/conda-forge/noarch/pandocfilters-1.5.0-pyhd8ed1ab_0.tar.bz2#457c2c8c08e54905d6954e79cb5b5db9
https://conda.anaconda.org/conda-forge/noarch/parso-0.8.4-pyhd8ed1ab_1.conda#5c092057b6badd30f75b06244ecd01c9
https://conda.anaconda.org/conda-forge/noarch/pickleshare-0.7.5-pyhd8ed1ab_1004.conda#11a9d1d09a3615fc07c3faf79bc0b943
https://conda.anaconda.org/conda-forge/noarch/platformdirs-4.3.8-pyhe01879c_0.conda#424844562f5d337077b445ec6b1398a7
https://conda.anaconda.org/conda-forge/noarch/pmtiles-3.4.1-pyhd8ed1ab_0.conda#78311b95d025ac61cd009c1fe3010730
https://conda.anaconda.org/conda-forge/noarch/prometheus_client-0.22.1-pyhd8ed1ab_0.conda#c64b77ccab10b822722904d889fa83b5
https://conda.anaconda.org/conda-forge/win-64/propcache-0.3.1-py39hf73967f_0.conda#060d855ec376e014302c226a78376efe
https://conda.anaconda.org/conda-forge/noarch/pscript-0.7.7-pyhd8ed1ab_0.tar.bz2#fd93ee45ce5b90c8f6334aad78c4bc14
https://conda.anaconda.org/conda-forge/win-64/psutil-7.0.0-py39ha55e580_0.conda#bd6ef337d2adbe13dc963a710f3b93e3
https://conda.anaconda.org/conda-forge/noarch/ptyprocess-0.7.0-pyhd8ed1ab_1.conda#7d9daffbb8d8e0af0f769dbbcd173a54
https://conda.anaconda.org/conda-forge/noarch/pure_eval-0.2.3-pyhd8ed1ab_1.conda#3bfdfb8dbcdc4af1ae3f9a8eb3948f04
https://conda.anaconda.org/conda-forge/noarch/pycparser-2.22-pyh29332c3_1.conda#12c566707c80111f9799308d9e265aef
https://conda.anaconda.org/conda-forge/noarch/pycrs-1.0.2-pyhd8ed1ab_1.conda#e2292fbcbf321621e2af5121f02d887e
https://conda.anaconda.org/conda-forge/noarch/pygments-2.19.2-pyhd8ed1ab_0.conda#6b6ece66ebcae2d5f326c77ef2c5a066
https://conda.anaconda.org/conda-forge/noarch/pyparsing-3.2.3-pyhe01879c_2.conda#aa0028616c0750c773698fdc254b2b8d
https://conda.anaconda.org/conda-forge/noarch/pyshp-3.0.1-pyhd8ed1ab_0.conda#205ac0b2873addb372a4384361990043
https://conda.anaconda.org/conda-forge/win-64/python-duckdb-1.3.2-py39hdb6649d_0.conda#a8544fdc848394b290ce088014c8dad0
https://conda.anaconda.org/conda-forge/noarch/python-fastjsonschema-2.21.2-pyhe01879c_0.conda#23029aae904a2ba587daba708208012f
https://conda.anaconda.org/conda-forge/noarch/python-json-logger-2.0.7-pyhd8ed1ab_0.conda#a61bf9ec79426938ff785eb69dbb1960
https://conda.anaconda.org/conda-forge/noarch/python-tzdata-2025.2-pyhd8ed1ab_0.conda#88476ae6ebd24f39261e0854ac244f33
https://conda.anaconda.org/conda-forge/noarch/pytz-2025.2-pyhd8ed1ab_0.conda#bc8e3267d44011051f2eb14d22fb0960
https://conda.anaconda.org/conda-forge/win-64/pywin32-311-py39h5fb4b08_0.conda#7cc53f46a7622e7f4c8273a9980f79df
https://conda.anaconda.org/conda-forge/win-64/pyyaml-6.0.2-py39hf73967f_2.conda#ebdc9838cfa38fe474263e4dd8215e85
https://conda.anaconda.org/conda-forge/win-64/re2-2025.11.05-ha104f34_1.conda#6807f05dcf3f1736ad6cc9525b8b8725
https://conda.anaconda.org/conda-forge/noarch/rfc3986-validator-0.1.1-pyh9f0ad1d_0.tar.bz2#912a71cc01012ee38e6b90ddd561e36f
https://conda.anaconda.org/conda-forge/win-64/rpds-py-0.27.0-py39hcab59ba_0.conda#49d1b7bffb85786ed52254adfe66946c
https://conda.anaconda.org/conda-forge/win-64/ruamel.yaml.clib-0.2.8-py39ha55e580_1.conda#3858e7750875be9dd6542a2fcf2968e3
https://conda.anaconda.org/conda-forge/noarch/scooby-0.10.1-pyhd8ed1ab_0.conda#2151b965f8e9fa642af57b4dbe2dbc39
https://conda.anaconda.org/conda-forge/noarch/setuptools-80.9.0-pyhff2d567_0.conda#4de79c071274a53dcaf2a8c749d1499e
https://conda.anaconda.org/conda-forge/noarch/six-1.17.0-pyhe01879c_1.conda#3339e3b65d58accf4ca4fb8748ab16b3
https://conda.anaconda.org/conda-forge/noarch/sniffio-1.3.1-pyhd8ed1ab_1.conda#bf7a226e58dfb8346c70df36065d86c9
https://conda.anaconda.org/conda-forge/noarch/soupsieve-2.7-pyhd8ed1ab_0.conda#fb32097c717486aa34b38a9db57eb49e
https://conda.anaconda.org/conda-forge/noarch/threadpoolctl-3.6.0-pyhecae5ae_0.conda#9d64911b31d57ca443e9f1e36b04385f
https://conda.anaconda.org/conda-forge/noarch/toml-0.10.2-pyhd8ed1ab_1.conda#b0dd904de08b7db706167240bf37b164
https://conda.anaconda.org/conda-forge/noarch/tomli-2.2.1-pyhe01879c_2.conda#30a0a26c8abccf4b7991d590fe17c699
https://conda.anaconda.org/conda-forge/win-64/tornado-6.5.2-py39h0802e32_0.conda#aeb1828dfebdb47155ee33c93bdce757
https://conda.anaconda.org/conda-forge/noarch/traitlets-5.14.3-pyhd8ed1ab_1.conda#019a7385be9af33791c989871317e1ed
https://conda.anaconda.org/conda-forge/noarch/types-python-dateutil-2.9.0.20250809-pyhd8ed1ab_0.conda#63a644e158c4f8eeca0d1290ac25e0cc
https://conda.anaconda.org/conda-forge/noarch/typing_extensions-4.14.1-pyhe01879c_0.conda#e523f4f1e980ed7a4240d7e27e9ec81f
https://conda.anaconda.org/conda-forge/noarch/typing_utils-0.1.0-pyhd8ed1ab_1.conda#f6d7aa696c67756a650e91e15e88223c
https://conda.anaconda.org/conda-forge/win-64/unicodedata2-16.0.0-py39ha55e580_0.conda#f4008ff992172eebb8fa6b19fe075e92
https://conda.anaconda.org/conda-forge/noarch/uri-template-1.3.0-pyhd8ed1ab_1.conda#e7cb0f5745e4c5035a460248334af7eb
https://conda.anaconda.org/conda-forge/noarch/wcwidth-0.2.13-pyhd8ed1ab_1.conda#b68980f2495d096e71c7fd9d7ccf63e6
https://conda.anaconda.org/conda-forge/noarch/webcolors-24.11.1-pyhd8ed1ab_0.conda#b49f7b291e15494aafb0a7d74806f337
https://conda.anaconda.org/conda-forge/noarch/webencodings-0.5.1-pyhd8ed1ab_3.conda#2841eb5bfc75ce15e9a0054b98dcd64d
https://conda.anaconda.org/conda-forge/noarch/websocket-client-1.8.0-pyhd8ed1ab_1.conda#84f8f77f0a9c6ef401ee96611745da8f
https://conda.anaconda.org/conda-forge/noarch/wheel-0.45.1-pyhd8ed1ab_1.conda#75cb7132eb58d97896e173ef12ac9986
https://conda.anaconda.org/conda-forge/noarch/widgetsnbextension-4.0.14-pyhd8ed1ab_0.conda#2f1f99b13b9d2a03570705030a0b3e7c
https://conda.anaconda.org/conda-forge/noarch/win_inet_pton-1.1.0-pyh7428d3b_8.conda#46e441ba871f524e2b067929da3051c2
https://conda.anaconda.org/conda-forge/win-64/wrapt-1.17.3-py39h0802e32_0.conda#94fa83514062e368fa94bec54c5b50d0
https://conda.anaconda.org/conda-forge/noarch/xyzservices-2025.11.0-pyhd8ed1ab_0.conda#16933322051fa260285f1a44aae91dd6
https://conda.anaconda.org/conda-forge/win-64/zeromq-4.3.5-h5bddc39_9.conda#a6c8f8ee856f7c3c1576e14b86cd8038
https://conda.anaconda.org/conda-forge/noarch/zipp-3.23.0-pyhd8ed1ab_0.conda#df5e78d904988eb55042c0c97446079f
https://conda.anaconda.org/conda-forge/noarch/aiosignal-1.4.0-pyhd8ed1ab_0.conda#421a865222cd0c9d83ff08bc78bf3a61
https://conda.anaconda.org/conda-forge/noarch/async-lru-2.0.5-pyh29332c3_0.conda#d9d0f99095a9bb7e3641bca8c6ad2ac7
https://conda.anaconda.org/conda-forge/win-64/aws-c-event-stream-0.5.7-ha388e84_1.conda#34e3b065b76c8a144c92e224cc3f5672
https://conda.anaconda.org/conda-forge/win-64/aws-c-http-0.10.7-hc678f4a_5.conda#3427460b0654d317e72a0ba959bb3a23
https://conda.anaconda.org/conda-forge/win-64/azure-storage-files-datalake-cpp-12.14.0-h1678c0b_1.conda#64afdd17c4a6f4cb1d97caaad1fdc191
https://conda.anaconda.org/conda-forge/noarch/babel-2.17.0-pyhd8ed1ab_0.conda#0a01c169f0ab0f91b26e77a3301fbfe4
https://conda.anaconda.org/conda-forge/noarch/bleach-6.2.0-pyh29332c3_4.conda#f0b4c8e370446ef89797608d60a564b3
https://conda.anaconda.org/conda-forge/win-64/brotli-1.2.0-h2d644bc_1.conda#bc58fdbced45bb096364de0fba1637af
https://conda.anaconda.org/conda-forge/noarch/cached-property-1.5.2-hd8ed1ab_1.tar.bz2#9b347a7ec10940d3f7941ff6c460b551
https://conda.anaconda.org/conda-forge/win-64/cffi-1.17.1-py39ha55e580_0.conda#1e0c1867544dc5f3adfad28742f4d983
https://conda.anaconda.org/conda-forge/noarch/click-8.1.8-pyh7428d3b_0.conda#90e5571556f7a45db92ee51cb8f97af6
https://conda.anaconda.org/conda-forge/noarch/exceptiongroup-1.3.0-pyhd8ed1ab_0.conda#72e42d28960d875c7654614f8b50939a
https://conda.anaconda.org/conda-forge/win-64/freexl-2.0.0-hf297d47_2.conda#d6a8059de245e53478b581742b53f71d
https://conda.anaconda.org/conda-forge/noarch/h11-0.16.0-pyhd8ed1ab_0.conda#4b69232755285701bc86a5afe4d9933a
https://conda.anaconda.org/conda-forge/noarch/h2-4.2.0-pyhd8ed1ab_0.conda#b4754fb1bdcb70c8fd54f918301582c6
https://conda.anaconda.org/conda-forge/win-64/hdf5-1.14.6-nompi_hae35d4c_106.conda#e2fb54650b51dcd92dfcbf42d2222ff8
https://conda.anaconda.org/conda-forge/noarch/importlib-metadata-8.7.0-pyhe01879c_1.conda#63ccfdc3a3ce25b027b8767eb722fca8
https://conda.anaconda.org/conda-forge/noarch/importlib_resources-6.5.2-pyhd8ed1ab_0.conda#c85c76dc67d75619a92f51dfbce06992
https://conda.anaconda.org/conda-forge/noarch/jedi-0.19.2-pyhd8ed1ab_1.conda#a4f4c5dc9b80bc50e0d3dc4e6e8f1bd9
https://conda.anaconda.org/conda-forge/noarch/jinja2-3.1.6-pyhd8ed1ab_0.conda#446bd6c8cb26050d528881df495ce646
https://conda.anaconda.org/conda-forge/noarch/joblib-1.5.1-pyhd8ed1ab_0.conda#fb1c14694de51a476ce8636d92b6f42c
https://conda.anaconda.org/conda-forge/noarch/jupyter_core-5.8.1-pyh5737063_0.conda#324e60a0d3f39f268e899709575ea3cd
https://conda.anaconda.org/conda-forge/noarch/jupyterlab_pygments-0.3.0-pyhd8ed1ab_2.conda#fd312693df06da3578383232528c468d
https://conda.anaconda.org/conda-forge/win-64/lcms2-2.17-hbcf6048_0.conda#3538827f77b82a837fa681a4579e37a1
https://conda.anaconda.org/conda-forge/win-64/libfreetype-2.14.1-h57928b3_0.conda#3235024fe48d4087721797ebd6c9d28c
https://conda.anaconda.org/conda-forge/win-64/libgrpc-1.78.0-h9ff2b3e_1.conda#c60e3003fb813f8f5bd0593e47721541
https://conda.anaconda.org/conda-forge/noarch/matplotlib-inline-0.1.7-pyhd8ed1ab_1.conda#af6ab708897df59bd6e7283ceab1b56b
https://conda.anaconda.org/conda-forge/noarch/mistune-3.1.3-pyh29332c3_0.conda#7ec6576e328bc128f4982cd646eeba85
https://conda.anaconda.org/conda-forge/win-64/openjpeg-2.5.3-h24db6dd_1.conda#25f45acb1a234ad1c9b9a20e1e6c559e
https://conda.anaconda.org/conda-forge/noarch/overrides-7.7.0-pyhd8ed1ab_1.conda#e51f1e4089cad105b6cac64bd8166587
https://conda.anaconda.org/conda-forge/noarch/pip-25.2-pyh8b19718_0.conda#dfce4b2af4bfe90cdcaf56ca0b28ddf5
https://conda.anaconda.org/conda-forge/noarch/plotly-6.3.0-pyhd8ed1ab_0.conda#5366b5b366cd3a2efa7e638792972ea1
https://conda.anaconda.org/conda-forge/win-64/proj-9.5.1-h4f671f6_0.conda#7303dac2aa92318f319508aedab6a127
https://conda.anaconda.org/conda-forge/noarch/prompt-toolkit-3.0.51-pyha770c72_0.conda#d17ae9db4dc594267181bd199bf9a551
https://conda.anaconda.org/conda-forge/noarch/psygnal-0.14.1-pyhd8ed1ab_0.conda#6b24e7496800a5dab4d7a185c088ae1a
https://conda.anaconda.org/conda-forge/noarch/pysocks-1.7.1-pyh09c184e_7.conda#e2fd202833c4a981ce8a65974fe4abd1
https://conda.anaconda.org/conda-forge/noarch/python-dateutil-2.9.0.post0-pyhe01879c_2.conda#5b8d21249ff20967101ffa321cab24e8
https://conda.anaconda.org/conda-forge/win-64/pyzmq-27.0.2-py39h248659b_0.conda#68b834823378123ec68cc663ac5d215f
https://conda.anaconda.org/conda-forge/noarch/referencing-0.36.2-pyh29332c3_0.conda#9140f1c09dd5489549c6a33931b943c7
https://conda.anaconda.org/conda-forge/noarch/rfc3339-validator-0.1.4-pyhd8ed1ab_1.conda#36de09a8d3e5d5e6f4ee63af49e59706
https://conda.anaconda.org/conda-forge/noarch/rfc3987-syntax-1.1.0-pyhe01879c_1.conda#7234f99325263a5af6d4cd195035e8f2
https://conda.anaconda.org/conda-forge/win-64/ruamel.yaml-0.18.15-py39h0802e32_0.conda#d7bbd85a238d77704d3ee082b9bcc5b5
https://conda.anaconda.org/conda-forge/noarch/send2trash-1.8.3-pyh5737063_1.conda#e6a4e906051565caf5fdae5b0415b654
https://conda.anaconda.org/conda-forge/noarch/stack_data-0.6.3-pyhd8ed1ab_1.conda#b1b505328da7a6b246787df4b5a49fbc
https://conda.anaconda.org/conda-forge/win-64/tbb-2021.13.0-hd094cb3_4.conda#dd78eb7b37991e650fec48b075bf5301
https://conda.anaconda.org/conda-forge/noarch/terminado-0.18.1-pyh31c8845_0.conda#00b54981b923f5aefcd5e8547de056d5
https://conda.anaconda.org/conda-forge/noarch/tinycss2-1.4.0-pyhd8ed1ab_0.conda#f1acf5fdefa8300de697982bcb1761c9
https://conda.anaconda.org/conda-forge/noarch/tqdm-4.67.1-pyhd8ed1ab_1.conda#9efbfdc37242619130ea42b1cc4ed861
https://conda.anaconda.org/conda-forge/noarch/traittypes-0.2.3-pyh332efcf_0.conda#d22a0bf07f57cfb1240185961d182a8d
https://conda.anaconda.org/conda-forge/noarch/typing-extensions-4.14.1-h4440ef1_0.conda#75be1a943e0a7f99fcf118309092c635
https://conda.anaconda.org/conda-forge/noarch/typing-inspection-0.4.1-pyhd8ed1ab_0.conda#e0c3cd765dc15751ee2f0b03cd015712
https://conda.anaconda.org/conda-forge/noarch/werkzeug-3.1.3-pyhd8ed1ab_1.conda#0a9b57c159d56b508613cc39022c1b9e
https://conda.anaconda.org/conda-forge/win-64/xorg-libx11-1.8.13-hfa52320_0.conda#5a823e21e090f8bc43dbfba00cd2f0e2
https://conda.anaconda.org/conda-forge/noarch/aniso8601-10.0.0-pyhd8ed1ab_0.conda#77e64b76dcc6ed50dd5aebe9c8bf9daa
https://conda.anaconda.org/conda-forge/noarch/annotated-types-0.7.0-pyhd8ed1ab_1.conda#2934f256a8acfe48f6ebb4fce6cde29c
https://conda.anaconda.org/conda-forge/noarch/anyio-4.10.0-pyhe01879c_0.conda#cc2613bfa71dec0eb2113ee21ac9ccbf
https://conda.anaconda.org/conda-forge/win-64/argon2-cffi-bindings-25.1.0-py39h0802e32_0.conda#d188015942b236575956b212d365a190
https://conda.anaconda.org/conda-forge/noarch/arrow-1.3.0-pyhd8ed1ab_1.conda#46b53236fdd990271b03c3978d4218a9
https://conda.anaconda.org/conda-forge/win-64/aws-c-auth-0.9.3-h2970c50_0.conda#6f42aac88a3b880dd3a4e0fe61f418bc
https://conda.anaconda.org/conda-forge/win-64/aws-c-mqtt-0.13.3-hfa314fa_11.conda#6c043365f1d3f89c0b68238c6f5b8cce
https://conda.anaconda.org/conda-forge/noarch/beautifulsoup4-4.13.4-pyha770c72_0.conda#9f07c4fc992adb2d6c30da7fab3959a7
https://conda.anaconda.org/conda-forge/noarch/bleach-with-css-6.2.0-h82add2a_4.conda#a30e9406c873940383555af4c873220d
https://conda.anaconda.org/conda-forge/noarch/branca-0.8.1-pyhd8ed1ab_0.conda#9f3937b768675ab4346f07e9ef723e4b
https://conda.anaconda.org/conda-forge/noarch/click-plugins-1.1.1.2-pyhd8ed1ab_0.conda#e9b05deb91c013e5224672a4ba9cf8d1
https://conda.anaconda.org/conda-forge/noarch/cligj-0.7.2-pyhd8ed1ab_2.conda#55c7804f428719241a90b152016085a1
https://conda.anaconda.org/conda-forge/noarch/flask-3.1.2-pyhd8ed1ab_0.conda#ba67a9febeda36948fee26a3dec3d914
https://conda.anaconda.org/conda-forge/win-64/fonttools-4.59.1-py39h5769e4c_0.conda#bf598d0e3b8fa6e29c2e0dbd3cfb1087
https://conda.anaconda.org/conda-forge/noarch/fqdn-1.5.1-pyhd8ed1ab_1.conda#d3549fd50d450b6d9e7dddff25dd2110
https://conda.anaconda.org/conda-forge/win-64/freetype-2.14.1-h57928b3_0.conda#d69c21967f35eb2ce7f1f85d6b6022d3
https://conda.anaconda.org/conda-forge/win-64/geotiff-1.7.4-h887f4e7_0.conda#d5edee34ab83553450b1225cf0a14273
https://conda.anaconda.org/conda-forge/noarch/importlib-resources-6.5.2-pyhd8ed1ab_0.conda#e376ea42e9ae40f3278b0f79c9bf9826
https://conda.anaconda.org/conda-forge/noarch/ipython-8.18.1-pyh7428d3b_3.conda#656a798e52fbe1ca72f7d97b3c36aeff
https://conda.anaconda.org/conda-forge/noarch/jsonschema-specifications-2025.4.1-pyh29332c3_0.conda#41ff526b1083fde51fbdc93f29282e0e
https://conda.anaconda.org/conda-forge/noarch/jupyter_client-8.6.3-pyhd8ed1ab_1.conda#4ebae00eae9705b0c3d6d1018a81d047
https://conda.anaconda.org/conda-forge/noarch/jupyter_server_terminals-0.5.3-pyhd8ed1ab_1.conda#2d983ff1b82a1ccb6f2e9d8784bdd6bd
https://conda.anaconda.org/conda-forge/win-64/libgoogle-cloud-2.39.0-h01c467a_1.conda#453d3a0347fe049b922a2a851c1c0110
https://conda.anaconda.org/conda-forge/win-64/libnetcdf-4.9.2-nompi_ha45073a_118.conda#54557b761dc20f53f504271208cd88c7
https://conda.anaconda.org/conda-forge/win-64/libspatialite-5.1.0-h208f9ff_13.conda#607c320ccb1a1d9e71880a6f120e20af
https://conda.anaconda.org/conda-forge/win-64/mkl-2024.2.2-h57928b3_16.conda#5cddc979c74b90cf5e5cda4f97d5d8bb
https://conda.anaconda.org/conda-forge/win-64/multidict-6.6.3-py39h5769e4c_0.conda#4229c81407858afa4702d96e41309c0d
https://conda.anaconda.org/conda-forge/win-64/pillow-11.3.0-py39hbad85af_0.conda#12aa94ef11ef6ad68d846c1872a4443d
https://conda.anaconda.org/conda-forge/win-64/pydantic-core-2.33.2-py39h95bb58a_0.conda#1bfc4143cee621b68ca3b7b37c8681bf
https://conda.anaconda.org/conda-forge/win-64/pyproj-3.6.1-py39h4afcdfd_10.conda#3e85ceee195799ea589f2e366ff5dd0a
https://conda.anaconda.org/conda-forge/noarch/pystac-1.10.1-pyhd8ed1ab_0.conda#438b12f2fcfa37b72787abb68baca9f7
https://conda.anaconda.org/conda-forge/win-64/python-box-7.3.2-py39ha55e580_0.conda#de68a0efd28450d92f8cfae5158353ea
https://conda.anaconda.org/conda-forge/noarch/uvicorn-0.35.0-pyh5737063_0.conda#062d8e8fd904879d6c2fef2876fafd7a
https://conda.anaconda.org/conda-forge/noarch/whitebox-2.3.6-pyhd8ed1ab_0.conda#ba379c537399f57f2a3f2938ac5a4061
https://conda.anaconda.org/conda-forge/win-64/zstandard-0.23.0-py39h0802e32_3.conda#d38ea7d215358fde0a9ddf7955947f26
https://conda.anaconda.org/conda-forge/noarch/argon2-cffi-25.1.0-pyhd8ed1ab_0.conda#8ac12aff0860280ee0cff7fa2cf63f3b
https://conda.anaconda.org/conda-forge/win-64/aws-c-s3-0.11.3-ha659bf3_1.conda#dcfc08ccd8e332411c454e38110ea915
https://conda.anaconda.org/conda-forge/noarch/flask-caching-2.3.1-pyhd8ed1ab_0.conda#fb85fa05db13110f34c773f0862f6ca2
https://conda.anaconda.org/conda-forge/noarch/flask-cors-6.0.1-pyhe01879c_0.conda#f9e706ca303e7baa8866c416e56c4a45
https://conda.anaconda.org/conda-forge/win-64/fontconfig-2.15.0-h765892d_1.conda#9bb0026a2131b09404c59c4290c697cd
https://conda.anaconda.org/conda-forge/noarch/httpcore-1.0.9-pyh29332c3_0.conda#4f14640d58e2cc0aa0819d9d8ba125bb
https://conda.anaconda.org/conda-forge/noarch/ipykernel-6.30.1-pyh3521513_0.conda#953007d45edeb098522ac860aade4fcf
https://conda.anaconda.org/conda-forge/noarch/ipywidgets-8.1.7-pyhd8ed1ab_0.conda#7c9449eac5975ef2d7753da262a72707
https://conda.anaconda.org/conda-forge/noarch/isoduration-20.11.0-pyhd8ed1ab_1.conda#0b0154421989637d424ccf0f104be51a
https://conda.anaconda.org/conda-forge/noarch/jsonschema-4.25.1-pyhe01879c_0.conda#341fd940c242cf33e832c0402face56f
https://conda.anaconda.org/conda-forge/win-64/libblas-3.9.0-35_h5709861_mkl.conda#45d98af023f8b4a7640b1f713ce6b602
https://conda.anaconda.org/conda-forge/win-64/libgdal-core-3.10.2-h4d2c634_1.conda#00f5162f7a6da66c1d2462177f03d15f
https://conda.anaconda.org/conda-forge/win-64/libgoogle-cloud-storage-2.39.0-he04ea4c_1.conda#88ebaa9b98c04cd5ad7b042b7e4f49c9
https://conda.anaconda.org/conda-forge/noarch/pydantic-2.11.7-pyh3cfb1c2_0.conda#1b337e3d378cde62889bb735c024b7a2
https://conda.anaconda.org/conda-forge/noarch/server-thread-0.3.0-pyhd8ed1ab_0.conda#c378b56e41748351e26932cb581725ed
https://conda.anaconda.org/conda-forge/noarch/urllib3-2.5.0-pyhd8ed1ab_0.conda#436c165519e140cb08d246a4472a9d6a
https://conda.anaconda.org/conda-forge/win-64/yarl-1.20.1-py39hf73967f_0.conda#3b28db8d10a3a80aefb36e5b4547b7ec
https://conda.anaconda.org/conda-forge/win-64/aiohttp-3.12.15-py39h5769e4c_0.conda#151478ccc24c4aeca66b4bcfac37a5c7
https://conda.anaconda.org/conda-forge/noarch/anywidget-0.9.18-pyhd8ed1ab_0.conda#a196eb5a011dad49f6011b5a764654f4
https://conda.anaconda.org/conda-forge/win-64/aws-crt-cpp-0.35.4-hca034e6_0.conda#ce1a20b5c406727e32222ac91e5848c4
https://conda.anaconda.org/conda-forge/win-64/cairo-1.18.4-h5782bbf_0.conda#20e32ced54300292aff690a69c5e7b97
https://conda.anaconda.org/conda-forge/noarch/flask-restx-1.3.0-pyhd8ed1ab_1.conda#d178a093f17b2d0c1d5da7dfd92cbf9b
https://conda.anaconda.org/conda-forge/noarch/httpx-0.28.1-pyhd8ed1ab_0.conda#d6989ead454181f4f9bc987d3dc4e285
https://conda.anaconda.org/conda-forge/noarch/ipyevents-2.0.2-pyh80e38bb_1.conda#7d0c533f412ea8a758674f1e8425a9e5
https://conda.anaconda.org/conda-forge/noarch/ipyfilechooser-0.6.0-pyhd8ed1ab_0.tar.bz2#77f3e551b6bc450deca63b2f171e0b73
https://conda.anaconda.org/conda-forge/noarch/ipyleaflet-0.20.0-pyhd8ed1ab_0.conda#5005a985651bc467f48d17f733dd3c18
https://conda.anaconda.org/conda-forge/noarch/ipysheet-0.7.0-pyhd8ed1ab_0.conda#c977270e076bf8d73155b0e4968310cd
https://conda.anaconda.org/conda-forge/noarch/ipytree-0.2.2-pyhd8ed1ab_1.conda#05e0e5f1ce90b8ef275fc1cbdc8f6cd3
https://conda.anaconda.org/conda-forge/noarch/ipyvue-1.11.2-pyhd8ed1ab_0.conda#bdcd3fe0e72a6335ba5a30068f135375
https://conda.anaconda.org/conda-forge/noarch/jsonschema-with-format-nongpl-4.25.1-he01879c_0.conda#13e31c573c884962318a738405ca3487
https://conda.anaconda.org/conda-forge/win-64/libcblas-3.9.0-35_h2a3cdd5_mkl.conda#9639091d266e92438582d0cc4cfc8350
https://conda.anaconda.org/conda-forge/win-64/liblapack-3.9.0-35_hf9ab0e9_mkl.conda#0c6ed9d722cecda18f50f17fb3c30002
https://conda.anaconda.org/conda-forge/noarch/nbformat-5.10.4-pyhd8ed1ab_1.conda#bbe1963f1e47f594070ffe87cdf612ea
https://conda.anaconda.org/conda-forge/noarch/requests-2.32.5-pyhd8ed1ab_0.conda#db0c6b99149880c8ba515cf4abe93ee4
https://conda.anaconda.org/conda-forge/win-64/aws-sdk-cpp-1.11.606-hac16450_10.conda#d9b942bede589d0ad1e8e360e970efd0
https://conda.anaconda.org/conda-forge/noarch/gdown-5.2.0-pyhd8ed1ab_1.conda#0b2ab6adce98f0dcf1dfd3f11343e5cd
https://conda.anaconda.org/conda-forge/win-64/harfbuzz-11.2.1-h8796e6f_0.conda#bccea58fbf7910ce868b084f27ffe8bd
https://conda.anaconda.org/conda-forge/noarch/ipyvuetify-1.11.3-pyhd8ed1ab_0.conda#ebe1a8c1c729f803de14fbd6a6f8211e
https://conda.anaconda.org/conda-forge/noarch/jupyter_events-0.12.0-pyh29332c3_0.conda#f56000b36f09ab7533877e695e4e8cb0
https://conda.anaconda.org/conda-forge/noarch/maplibre-0.3.1-pyhd8ed1ab_0.conda#db04062ebac848f6657286663afe3a43
https://conda.anaconda.org/conda-forge/noarch/nbclient-0.10.4-pyhd8ed1ab_0.conda#00f5b8dafa842e0c27c1cd7296aa4875
https://conda.anaconda.org/conda-forge/win-64/numpy-1.26.4-py39hddb5d58_0.conda#6e30ff8f2d3f59f45347dfba8bc22a04
https://conda.anaconda.org/conda-forge/noarch/pooch-1.8.2-pyhd8ed1ab_3.conda#d2bbbd293097e664ffb01fc4cdaf5729
https://conda.anaconda.org/conda-forge/noarch/pystac-client-0.8.3-pyhd8ed1ab_0.conda#c2380220a5250389da0bd9509e12e73b
https://conda.anaconda.org/conda-forge/noarch/whiteboxgui-2.3.0-pyhd8ed1ab_1.conda#93e3da67a58f559204810c205b178641
https://conda.anaconda.org/conda-forge/win-64/cftime-1.6.4-py39h4b0a98a_1.conda#ce2f087117fea8190a8a0b733b57ceb1
https://conda.anaconda.org/conda-forge/win-64/color-operations-0.2.0-py39h4b0a98a_0.conda#571d82df3a01a7f218904bd324ea207f
https://conda.anaconda.org/conda-forge/win-64/contourpy-1.3.0-py39h2b77a98_2.conda#37f8619ee96710220ead6bb386b9b24b
https://conda.anaconda.org/conda-forge/noarch/folium-0.20.0-pyhd8ed1ab_0.conda#a6997a7dcd6673c0692c61dfeaea14ab
https://conda.anaconda.org/conda-forge/win-64/gdal-3.10.2-py39hbed5357_5.conda#4ffb184061fbbc50f353dd6924857895
https://conda.anaconda.org/conda-forge/win-64/h5py-3.14.0-nompi_py39ha907541_100.conda#8031790ea7aa6628d16290137f93b4a7
https://conda.anaconda.org/conda-forge/win-64/libarrow-21.0.0-hde9e798_18_cpu.conda#86016a72bea88bdc093510f8ddba3d01
https://conda.anaconda.org/conda-forge/noarch/nbconvert-core-7.16.6-pyh29332c3_0.conda#d24beda1d30748afcc87c429454ece1b
https://conda.anaconda.org/conda-forge/win-64/numcodecs-0.12.1-py39ha51f57c_1.conda#f0feee39d361b2302c271a3924d41fdc
https://conda.anaconda.org/conda-forge/win-64/numexpr-2.10.2-mkl_py39h633a001_0.conda#d1b06af13ae0e52d4fc32e9b124b0c92
https://conda.anaconda.org/conda-forge/win-64/pandas-2.3.1-py39h743b7ac_0.conda#8d0c8306295a016ddac218e6b8560165
https://conda.anaconda.org/conda-forge/win-64/pyogrio-0.10.0-py39h6ecdd97_1.conda#0885ab56c244b08134265ec30acf5967
https://conda.anaconda.org/conda-forge/win-64/qt6-main-6.9.0-h1ab902a_2.conda#99a8af7791ea42b4994cea09dd858ca8
https://conda.anaconda.org/conda-forge/win-64/scipy-1.13.1-py39h1a10956_0.conda#9f8e571406af04d2f5fdcbecec704505
https://conda.anaconda.org/conda-forge/win-64/shapely-2.0.7-py39h3a0aaa4_1.conda#8d5a561d556e13e21f9032233055e0b9
https://conda.anaconda.org/conda-forge/noarch/snuggs-1.4.7-pyhd8ed1ab_2.conda#9aa358575bbd4be126eaa5e0039f835c
https://conda.anaconda.org/conda-forge/noarch/bqplot-0.12.45-pyhe01879c_0.conda#3cedf673ae6d0e272807bcb9929df40e
https://conda.anaconda.org/conda-forge/noarch/geopandas-base-1.0.1-pyha770c72_3.conda#e8343d1b635bf09dafdd362d7357f395
https://conda.anaconda.org/conda-forge/noarch/h5netcdf-1.8.1-pyhd8ed1ab_0.conda#ca7f9ba8762d3e360e47917a10e23760
https://conda.anaconda.org/conda-forge/noarch/jupyter_server-2.16.0-pyhe01879c_0.conda#f062e04d7cd585c937acbf194dceec36
https://conda.anaconda.org/conda-forge/win-64/libarrow-compute-21.0.0-h081cd8e_18_cpu.conda#0a873032199d32b2d41b0c802e36de02
https://conda.anaconda.org/conda-forge/win-64/libparquet-21.0.0-h7051d1f_18_cpu.conda#aa5d2c70481bde105015ca720f6ecfe1
https://conda.anaconda.org/conda-forge/win-64/matplotlib-base-3.9.4-py39h5376392_0.conda#5424884b703d67e412584ed241f0a9b1
https://conda.anaconda.org/conda-forge/win-64/netcdf4-1.7.2-nompi_py39h38b60f6_102.conda#6665d677764f695791594417ede52476
https://conda.anaconda.org/conda-forge/noarch/opera-utils-0.19.0-pyhd8ed1ab_0.conda#8625745d1b02bb0f4777b91046042e6d
https://conda.anaconda.org/conda-forge/win-64/pyside6-6.9.0-py39h5cc861e_0.conda#57ab97daa86321a58344146cb289a20b
https://conda.anaconda.org/conda-forge/win-64/rasterio-1.4.3-py39h0c8b368_0.conda#ba0c9180f95d8ffe5cdbd47f14684a56
https://conda.anaconda.org/conda-forge/win-64/scikit-learn-1.6.1-py39hdd013cc_0.conda#362b25f30609fbb2a1a299c757c3172d
https://conda.anaconda.org/conda-forge/noarch/xarray-2024.7.0-pyhd8ed1ab_0.conda#a7d4ff4bf1502eaba3fbbaeba66969ec
https://conda.anaconda.org/conda-forge/noarch/zarr-2.18.2-pyhd8ed1ab_0.conda#02f53038910b6fbc9d36bd5f663318e8
https://conda.anaconda.org/conda-forge/win-64/cartopy-0.23.0-py39h2366fc2_2.conda#c3005c8369c800268d219199c4f7adcc
https://conda.anaconda.org/conda-forge/noarch/jupyter-lsp-2.2.6-pyhe01879c_0.conda#7129ed52335cc7164baf4d6508a3f233
https://conda.anaconda.org/conda-forge/noarch/jupyterlab_server-2.27.3-pyhd8ed1ab_1.conda#9dc4b2b0f41f0de41d27f3293e319357
https://conda.anaconda.org/conda-forge/win-64/libarrow-acero-21.0.0-h7d8d6a5_18_cpu.conda#335589d84484ee9f0aea0e7f9f2772b5
https://conda.anaconda.org/conda-forge/noarch/mapclassify-2.8.1-pyhd8ed1ab_1.conda#c48bbb2bcc3f9f46741a7915d67e6839
https://conda.anaconda.org/conda-forge/win-64/matplotlib-3.9.4-py39hcbf5309_0.conda#61326dfe02e88b609166814c47316063
https://conda.anaconda.org/conda-forge/noarch/morecantile-6.2.0-pyhd8ed1ab_0.conda#8f5d0fb247a13654ef6ae3787bf7bf2b
https://conda.anaconda.org/conda-forge/noarch/notebook-shim-0.2.4-pyhd8ed1ab_1.conda#e7f89ea5f7ea9401642758ff50a2d9c1
https://conda.anaconda.org/conda-forge/win-64/pyarrow-core-21.0.0-py39hca79ef2_0_cpu.conda#c198063183085d6de9608413f5822ec0
https://conda.anaconda.org/conda-forge/noarch/rioxarray-0.15.0-pyhd8ed1ab_0.conda#d0ce69099167a03cf0a1241f40284307
https://conda.anaconda.org/conda-forge/noarch/geopandas-1.0.1-pyhd8ed1ab_3.conda#1baca589eb35814a392eaad6d152447e
https://conda.anaconda.org/conda-forge/noarch/jupyterlab-4.4.6-pyhd8ed1ab_0.conda#70cb2903114eafc6ed5d70ca91ba6545
https://conda.anaconda.org/conda-forge/win-64/libarrow-dataset-21.0.0-h7d8d6a5_18_cpu.conda#cf917384f5e6d6dcf7af626516157beb
https://conda.anaconda.org/conda-forge/noarch/rio-cogeo-5.4.2-pyhd8ed1ab_0.conda#067cc19831bc1624410b8a535e0448a3
https://conda.anaconda.org/conda-forge/noarch/rio-tiler-7.8.1-pyhd8ed1ab_0.conda#5c9b2fd6c1efec86356511e19d0c97ec
https://conda.anaconda.org/conda-forge/win-64/libarrow-substrait-21.0.0-h524e9bd_18_cpu.conda#b2faf17abc2cfabae5667b743fe9abb2
https://conda.anaconda.org/conda-forge/noarch/localtileserver-0.10.6-pyhd8ed1ab_0.conda#951f99bed0a030b9db2a4085d6e17aec
https://conda.anaconda.org/conda-forge/win-64/pyarrow-21.0.0-py39hcbf5309_0.conda#43e5e6bd7a194ff5611409b8303550c6
https://conda.anaconda.org/conda-forge/noarch/leafmap-0.54.0-pyhd8ed1ab_0.conda#8f7681a9ac3f18bb31f0912182e7e79c
# pip cloudpickle @ https://files.pythonhosted.org/packages/88/39/799be3f2f0f38cc727ee3b4f1445fe6d5e4133064ec2e4115069418a5bb6/cloudpickle-3.1.2-py3-none-any.whl#sha256=9acb47f6afd73f60dc1df93bb801b472f05ff42fa6c84167d25cb206be1fbf4a
# pip fsspec @ https://files.pythonhosted.org/packages/eb/02/a6b21098b1d5d6249b7c5ab69dde30108a71e4e819d4a9778f1de1d5b70d/fsspec-2025.10.0-py3-none-any.whl#sha256=7c7712353ae7d875407f97715f0e1ffcc21e33d5b24556cb1e090ae9409ec61d
# pip locket @ https://files.pythonhosted.org/packages/db/bc/83e112abc66cd466c6b83f99118035867cecd41802f8d044638aa78a106e/locket-1.0.0-py2.py3-none-any.whl#sha256=b6c819a722f7b6bd955b80781788e4a66a55628b858d347536b7e81325a3a5e3
# pip python-dotenv @ https://files.pythonhosted.org/packages/14/1b/a298b06749107c305e1fe0f814c6c74aea7b2f1e10989cb30f544a1b3253/python_dotenv-1.2.1-py3-none-any.whl#sha256=b81ee9561e9ca4004139c6cbba3a238c32b03e4894671e181b671e8cb8425d61
# pip toolz @ https://files.pythonhosted.org/packages/fb/12/5911ae3eeec47800503a238d971e51722ccea5feb8569b735184d5fcdbc0/toolz-1.1.0-py3-none-any.whl#sha256=15ccc861ac51c53696de0a5d6d4607f99c210739caf987b5d2054f3efed429d8
# pip partd @ https://files.pythonhosted.org/packages/71/e7/40fb618334dcdf7c5a316c0e7343c5cd82d3d866edc100d98e29bc945ecd/partd-1.4.2-py3-none-any.whl#sha256=978e4ac767ec4ba5b86c6eaa52e5a2a3bc748a2ca839e8cc798f1cc6ce6efb0f
# pip planetary-computer @ https://files.pythonhosted.org/packages/4f/7a/3965a2b58d172e106c1064af19707d29f86a0142c28ff40185490a0a8cfe/planetary_computer-1.0.0-py3-none-any.whl#sha256=7af5839f9346c1d23d53fff4e80e955db18a2d81992877816e22dcbc2f90c40d
# pip dask @ https://files.pythonhosted.org/packages/db/47/136a5dd68a33089f96f8aa1178ccd545d325ec9ab2bb42a3038711a935c0/dask-2024.8.0-py3-none-any.whl#sha256=250ea3df30d4a25958290eec4f252850091c6cfaed82d098179c3b25bba18309
# pip stackstac @ https://files.pythonhosted.org/packages/0d/1b/629745491592dbeba18bfcb06d22bcefd988fc40dc5a8dbf168517565e38/stackstac-0.5.1-py3-none-any.whl#sha256=3c596c9ccf502b6230b1c9e970a8099eeb94df867d0dea2fd45071223cb581e7
# pip cubo @ https://files.pythonhosted.org/packages/33/58/be32375e16da82dfd42f39c4f3a72bc6df1b0b01f16daa9659db7603fcd6/cubo-2024.8.0.tar.gz#sha256=d93dedcfa8b2fa123357236050653017b3dce4e14ab6e0d2c069cbebffef2eb1
